
Microsoft Visual Studio Solution File, Format Version 12.00
# Visual Studio Version 18
VisualStudioVersion = 18.3.11505.172 d18.3
MinimumVisualStudioVersion = 10.0.40219.1
Project("{FAE04EC0-301F-11D3-BF4B-00C04F79EFBC}") = "MyLocalWebApp", "MyLocalWebApp.csproj", "{A1159F12-636E-E7E9-0EEF-03891AC0146F}"
EndProject
Global
	GlobalSection(SolutionConfigurationPlatforms) = preSolution
		Debug|Any CPU = Debug|Any CPU
		Release|Any CPU = Release|Any CPU
	EndGlobalSection
	GlobalSection(ProjectConfigurationPlatforms) = postSolution
		{A1159F12-636E-E7E9-0EEF-03891AC0146F}.Debug|Any CPU.ActiveCfg = Debug|Any CPU
		{A1159F12-636E-E7E9-0EEF-03891AC0146F}.Debug|Any CPU.Build.0 = Debug|Any CPU
		{A1159F12-636E-E7E9-0EEF-03891AC0146F}.Release|Any CPU.ActiveCfg = Release|Any CPU
		{A1159F12-636E-E7E9-0EEF-03891AC0146F}.Release|Any CPU.Build.0 = Release|Any CPU
	EndGlobalSection
	GlobalSection(SolutionProperties) = preSolution
		HideSolutionNode = FALSE
	EndGlobalSection
	GlobalSection(ExtensibilityGlobals) = postSolution
		SolutionGuid = {DE1B59EA-9F53-4F33-9DD9-BC17DB1406A5}
	EndGlobalSection
EndGlobal
